
Microsoft Visual Studio Solution File, Format Version 12.00
# Visual Studio Version 17
VisualStudioVersion = 17.8.34511.84
MinimumVisualStudioVersion = 10.0.40219.1
Project("{FAE04EC0-301F-11D3-BF4B-00C04F79EFBC}") = "Database C sharp", "Database C sharp\Database C sharp.csproj", "{0C71D60F-88B5-4A34-B352-8080E23054E3}"
EndProject
Global
	GlobalSection(SolutionConfigurationPlatforms) = preSolution
		Debug|Any CPU = Debug|Any CPU
		Release|Any CPU = Release|Any CPU
	EndGlobalSection
	GlobalSection(ProjectConfigurationPlatforms) = postSolution
		{0C71D60F-88B5-4A34-B352-8080E23054E3}.Debug|Any CPU.ActiveCfg = Debug|Any CPU
		{0C71D60F-88B5-4A34-B352-8080E23054E3}.Debug|Any CPU.Build.0 = Debug|Any CPU
		{0C71D60F-88B5-4A34-B352-8080E23054E3}.Release|Any CPU.ActiveCfg = Release|Any CPU
		{0C71D60F-88B5-4A34-B352-8080E23054E3}.Release|Any CPU.Build.0 = Release|Any CPU
	EndGlobalSection
	GlobalSection(SolutionProperties) = preSolution
		HideSolutionNode = FALSE
	EndGlobalSection
	GlobalSection(ExtensibilityGlobals) = postSolution
		SolutionGuid = {BB0DF44F-127C-4246-BA59-50CBBFA8DAA9}
	EndGlobalSection
EndGlobal
